	<Project xmlns="http://schemas.microsoft.com/developer/msbuild/2003">
		<PropertyGroup>
			<ProjectGuid>{D813D09D-4C85-45FE-8659-156ED644F276}</ProjectGuid>
			<MainSource>OmniRig.dpr</MainSource>
			<Config Condition="'$(Config)'==''">Debug</Config>
			<DCC_DCCCompiler>DCC32</DCC_DCCCompiler>
			<ProjectVersion>12.0</ProjectVersion>
		</PropertyGroup>
		<PropertyGroup Condition="'$(Config)'=='Base' or '$(Base)'!=''">
			<Base>true</Base>
		</PropertyGroup>
		<PropertyGroup Condition="'$(Config)'=='Release' or '$(Cfg_1)'!=''">
			<Cfg_1>true</Cfg_1>
			<CfgParent>Base</CfgParent>
			<Base>true</Base>
		</PropertyGroup>
		<PropertyGroup Condition="'$(Config)'=='Debug' or '$(Cfg_2)'!=''">
			<Cfg_2>true</Cfg_2>
			<CfgParent>Base</CfgParent>
			<Base>true</Base>
		</PropertyGroup>
		<PropertyGroup Condition="'$(Base)'!=''">
			<DCC_AssertionsAtRuntime>false</DCC_AssertionsAtRuntime>
			<DCC_DependencyCheckOutputName>..\OmniRig.exe</DCC_DependencyCheckOutputName>
			<DCC_UnitSearchPath>$(DELPHI)\Lib\Debug;$(DCC_UnitSearchPath)</DCC_UnitSearchPath>
			<DCC_MapFile>3</DCC_MapFile>
			<DCC_ImageBase>00400000</DCC_ImageBase>
			<DCC_UnitAlias>WinTypes=Windows;WinProcs=Windows;DbiTypes=BDE;DbiProcs=BDE;DbiErrs=BDE;WinTypes=Windows;WinProcs=Windows;$(DCC_UnitAlias)</DCC_UnitAlias>
			<DCC_Alignment>1</DCC_Alignment>
			<DCC_ExeOutput>..\</DCC_ExeOutput>
			<DCC_Platform>x86</DCC_Platform>
			<DCC_UsePackage>Vcl50;Vclx50;VclSmp50;Qrpt50;Vcldb50;Vclbde50;ibevnt50;vcldbx50;TeeUI50;TeeDB50;Tee50;TeeQR50;VCLIB50;vclie50;Inetdb50;Inet50;NMFast50;dclocx50;dclaxserver50;SynEdit_D5;SynEdit_R5;AlCommon</DCC_UsePackage>
			<DCC_K>false</DCC_K>
			<DCC_F>false</DCC_F>
			<DCC_S>false</DCC_S>
			<DCC_N>true</DCC_N>
			<DCC_SymbolReferenceInfo>1</DCC_SymbolReferenceInfo>
			<DCC_WriteableConstants>true</DCC_WriteableConstants>
			<DCC_E>false</DCC_E>
			<DCC_DcuOutput>C:\Proj\Dcu</DCC_DcuOutput>
		</PropertyGroup>
		<PropertyGroup Condition="'$(Cfg_1)'!=''">
			<DCC_LocalDebugSymbols>false</DCC_LocalDebugSymbols>
			<DCC_Define>RELEASE;$(DCC_Define)</DCC_Define>
			<DCC_SymbolReferenceInfo>0</DCC_SymbolReferenceInfo>
			<DCC_DebugInformation>false</DCC_DebugInformation>
		</PropertyGroup>
		<PropertyGroup Condition="'$(Cfg_2)'!=''">
			<DCC_Define>DEBUG;$(DCC_Define)</DCC_Define>
		</PropertyGroup>
		<ItemGroup>
			<DelphiCompile Include="OmniRig.dpr">
				<MainSource>MainSource</MainSource>
			</DelphiCompile>
			<DCCReference Include="Main.pas">
				<Form>MainForm</Form>
			</DCCReference>
			<DCCReference Include="OmniRig_TLB.pas"/>
			<DCCReference Include="AutoApp.pas">
				<CoClasses>OmniRig</CoClasses>
			</DCCReference>
			<DCCReference Include="AutoRig.pas">
				<CoClasses>RigX</CoClasses>
			</DCCReference>
			<DCCReference Include="RigSett.pas"/>
			<DCCReference Include="RigObj.pas"/>
			<DCCReference Include="RigCmds.pas"/>
			<DCCReference Include="CustRig.pas"/>
			<DCCReference Include="CmdQue.pas"/>
			<DCCReference Include="ByteFuns.pas"/>
			<DCCReference Include="AutoPort.pas">
				<CoClasses>PortBits</CoClasses>
			</DCCReference>
			<DCCReference Include="Lib\AlComPrt.pas"/>
			<DCCReference Include="Lib\AlStrLst.pas"/>
			<DCCReference Include="Lib\ScrFctry.pas"/>
			<RidlCompile Include="OmniRig.ridl"/>
			<BuildConfiguration Include="Base">
				<Key>Base</Key>
			</BuildConfiguration>
			<BuildConfiguration Include="Debug">
				<Key>Cfg_2</Key>
				<CfgParent>Base</CfgParent>
			</BuildConfiguration>
			<BuildConfiguration Include="Release">
				<Key>Cfg_1</Key>
				<CfgParent>Base</CfgParent>
			</BuildConfiguration>
		</ItemGroup>
		<Import Project="$(BDS)\Bin\CodeGear.Delphi.Targets" Condition="Exists('$(BDS)\Bin\CodeGear.Delphi.Targets')"/>
		<ProjectExtensions>
			<Borland.Personality>Delphi.Personality.12</Borland.Personality>
			<Borland.ProjectType>VCLApplication</Borland.ProjectType>
			<BorlandProject>
				<Delphi.Personality>
					<Source>
						<Source Name="MainSource">OmniRig.dpr</Source>
					</Source>
					<Parameters>
						<Parameters Name="UseLauncher">False</Parameters>
						<Parameters Name="LoadAllSymbols">True</Parameters>
						<Parameters Name="LoadUnspecifiedSymbols">False</Parameters>
					</Parameters>
					<Language>
						<Language Name="ProjectLang">$00001009</Language>
					</Language>
					<VersionInfo>
						<VersionInfo Name="IncludeVerInfo">True</VersionInfo>
						<VersionInfo Name="AutoIncBuild">True</VersionInfo>
						<VersionInfo Name="MajorVer">1</VersionInfo>
						<VersionInfo Name="MinorVer">19</VersionInfo>
						<VersionInfo Name="Release">0</VersionInfo>
						<VersionInfo Name="Build">285</VersionInfo>
						<VersionInfo Name="Debug">False</VersionInfo>
						<VersionInfo Name="PreRelease">False</VersionInfo>
						<VersionInfo Name="Special">False</VersionInfo>
						<VersionInfo Name="Private">False</VersionInfo>
						<VersionInfo Name="DLL">False</VersionInfo>
						<VersionInfo Name="Locale">1033</VersionInfo>
						<VersionInfo Name="CodePage">1252</VersionInfo>
					</VersionInfo>
					<VersionInfoKeys>
						<VersionInfoKeys Name="CompanyName"/>
						<VersionInfoKeys Name="FileDescription"/>
						<VersionInfoKeys Name="FileVersion">1.19.0.285</VersionInfoKeys>
						<VersionInfoKeys Name="InternalName"/>
						<VersionInfoKeys Name="LegalCopyright"/>
						<VersionInfoKeys Name="LegalTrademarks"/>
						<VersionInfoKeys Name="OriginalFilename"/>
						<VersionInfoKeys Name="ProductName"/>
						<VersionInfoKeys Name="ProductVersion">1.0.0.0</VersionInfoKeys>
						<VersionInfoKeys Name="Comments"/>
					</VersionInfoKeys>
				</Delphi.Personality>
				<ActiveXProjectInfo>
					<version>1</version>
				</ActiveXProjectInfo>
			</BorlandProject>
			<ProjectFileVersion>12</ProjectFileVersion>
		</ProjectExtensions>
	</Project>
